
Microsoft Visual Studio Solution File, Format Version 12.00
Project("{2150E333-8FDC-42A3-9474-1A3956D46DE8}") = "src", "src", "{C74710DB-976A-4865-9D25-7D6F36DB4E15}"
EndProject
Project("{2150E333-8FDC-42A3-9474-1A3956D46DE8}") = "tests", "tests", "{67F45E8D-57E3-4CE5-B031-76B1290BC980}"
EndProject
Project("{FAE04EC0-301F-11D3-BF4B-00C04F79EFBC}") = "Atm", "src\Atm\Atm.csproj", "{F48A2A4F-D90E-4715-B167-F2C4F71C0E8E}"
EndProject
Project("{2150E333-8FDC-42A3-9474-1A3956D46DE8}") = "Application", "Application", "{5C3EADED-0E05-4D00-BE01-F7F3FC2C61CD}"
EndProject
Project("{2150E333-8FDC-42A3-9474-1A3956D46DE8}") = "Infrastructure", "Infrastructure", "{13AB4185-A5DA-4952-85C2-FB7D31DFA566}"
EndProject
Project("{2150E333-8FDC-42A3-9474-1A3956D46DE8}") = "Presentation", "Presentation", "{5211A01A-6D53-40F0-8785-47ED0B5732B0}"
EndProject
Project("{FAE04EC0-301F-11D3-BF4B-00C04F79EFBC}") = "Atm.Presentation.Console", "src\Presentation\Atm.Presentation.Console\Atm.Presentation.Console.csproj", "{DEEC7AD4-3836-45A8-B4CF-C87D4E4AA913}"
EndProject
Project("{FAE04EC0-301F-11D3-BF4B-00C04F79EFBC}") = "Atm.Infrastructure.DataAccess", "src\Infrastructure\Atm.Infrastructure.DataAccess\Atm.Infrastructure.DataAccess.csproj", "{1CA5EEFD-9A34-4E04-A55D-FA0CA5AB2A65}"
EndProject
Project("{FAE04EC0-301F-11D3-BF4B-00C04F79EFBC}") = "Atm.Application", "src\Application\Atm.Application\Atm.Application.csproj", "{95E6FDE7-C652-4F78-9091-824993C51DDE}"
EndProject
Project("{FAE04EC0-301F-11D3-BF4B-00C04F79EFBC}") = "Atm.Application.Abstractions", "src\Application\Atm.Application.Abstractions\Atm.Application.Abstractions.csproj", "{97D9B94B-FB55-4400-AFDC-03FF46868882}"
EndProject
Project("{FAE04EC0-301F-11D3-BF4B-00C04F79EFBC}") = "Atm.Application.Contracts", "src\Application\Atm.Application.Contracts\Atm.Application.Contracts.csproj", "{185D6765-16A3-4C86-9FE4-7EB4D82BEA70}"
EndProject
Project("{FAE04EC0-301F-11D3-BF4B-00C04F79EFBC}") = "Atm.Application.Models", "src\Application\Atm.Application.Models\Atm.Application.Models.csproj", "{AF37BBFD-733C-427D-A345-1C8FAD89F71A}"
EndProject
Project("{FAE04EC0-301F-11D3-BF4B-00C04F79EFBC}") = "Atm.Tests", "tests\Atm.Tests\Atm.Tests.csproj", "{251246DE-5B6D-4D9D-9038-FE2691614201}"
EndProject
Global
	GlobalSection(SolutionConfigurationPlatforms) = preSolution
		Debug|Any CPU = Debug|Any CPU
		Release|Any CPU = Release|Any CPU
	EndGlobalSection
	GlobalSection(ProjectConfigurationPlatforms) = postSolution
		{F48A2A4F-D90E-4715-B167-F2C4F71C0E8E}.Debug|Any CPU.ActiveCfg = Debug|Any CPU
		{F48A2A4F-D90E-4715-B167-F2C4F71C0E8E}.Debug|Any CPU.Build.0 = Debug|Any CPU
		{F48A2A4F-D90E-4715-B167-F2C4F71C0E8E}.Release|Any CPU.ActiveCfg = Release|Any CPU
		{F48A2A4F-D90E-4715-B167-F2C4F71C0E8E}.Release|Any CPU.Build.0 = Release|Any CPU
		{DEEC7AD4-3836-45A8-B4CF-C87D4E4AA913}.Debug|Any CPU.ActiveCfg = Debug|Any CPU
		{DEEC7AD4-3836-45A8-B4CF-C87D4E4AA913}.Debug|Any CPU.Build.0 = Debug|Any CPU
		{DEEC7AD4-3836-45A8-B4CF-C87D4E4AA913}.Release|Any CPU.ActiveCfg = Release|Any CPU
		{DEEC7AD4-3836-45A8-B4CF-C87D4E4AA913}.Release|Any CPU.Build.0 = Release|Any CPU
		{1CA5EEFD-9A34-4E04-A55D-FA0CA5AB2A65}.Debug|Any CPU.ActiveCfg = Debug|Any CPU
		{1CA5EEFD-9A34-4E04-A55D-FA0CA5AB2A65}.Debug|Any CPU.Build.0 = Debug|Any CPU
		{1CA5EEFD-9A34-4E04-A55D-FA0CA5AB2A65}.Release|Any CPU.ActiveCfg = Release|Any CPU
		{1CA5EEFD-9A34-4E04-A55D-FA0CA5AB2A65}.Release|Any CPU.Build.0 = Release|Any CPU
		{95E6FDE7-C652-4F78-9091-824993C51DDE}.Debug|Any CPU.ActiveCfg = Debug|Any CPU
		{95E6FDE7-C652-4F78-9091-824993C51DDE}.Debug|Any CPU.Build.0 = Debug|Any CPU
		{95E6FDE7-C652-4F78-9091-824993C51DDE}.Release|Any CPU.ActiveCfg = Release|Any CPU
		{95E6FDE7-C652-4F78-9091-824993C51DDE}.Release|Any CPU.Build.0 = Release|Any CPU
		{97D9B94B-FB55-4400-AFDC-03FF46868882}.Debug|Any CPU.ActiveCfg = Debug|Any CPU
		{97D9B94B-FB55-4400-AFDC-03FF46868882}.Debug|Any CPU.Build.0 = Debug|Any CPU
		{97D9B94B-FB55-4400-AFDC-03FF46868882}.Release|Any CPU.ActiveCfg = Release|Any CPU
		{97D9B94B-FB55-4400-AFDC-03FF46868882}.Release|Any CPU.Build.0 = Release|Any CPU
		{185D6765-16A3-4C86-9FE4-7EB4D82BEA70}.Debug|Any CPU.ActiveCfg = Debug|Any CPU
		{185D6765-16A3-4C86-9FE4-7EB4D82BEA70}.Debug|Any CPU.Build.0 = Debug|Any CPU
		{185D6765-16A3-4C86-9FE4-7EB4D82BEA70}.Release|Any CPU.ActiveCfg = Release|Any CPU
		{185D6765-16A3-4C86-9FE4-7EB4D82BEA70}.Release|Any CPU.Build.0 = Release|Any CPU
		{AF37BBFD-733C-427D-A345-1C8FAD89F71A}.Debug|Any CPU.ActiveCfg = Debug|Any CPU
		{AF37BBFD-733C-427D-A345-1C8FAD89F71A}.Debug|Any CPU.Build.0 = Debug|Any CPU
		{AF37BBFD-733C-427D-A345-1C8FAD89F71A}.Release|Any CPU.ActiveCfg = Release|Any CPU
		{AF37BBFD-733C-427D-A345-1C8FAD89F71A}.Release|Any CPU.Build.0 = Release|Any CPU
		{251246DE-5B6D-4D9D-9038-FE2691614201}.Debug|Any CPU.ActiveCfg = Debug|Any CPU
		{251246DE-5B6D-4D9D-9038-FE2691614201}.Debug|Any CPU.Build.0 = Debug|Any CPU
		{251246DE-5B6D-4D9D-9038-FE2691614201}.Release|Any CPU.ActiveCfg = Release|Any CPU
		{251246DE-5B6D-4D9D-9038-FE2691614201}.Release|Any CPU.Build.0 = Release|Any CPU
	EndGlobalSection
	GlobalSection(NestedProjects) = preSolution
		{F48A2A4F-D90E-4715-B167-F2C4F71C0E8E} = {C74710DB-976A-4865-9D25-7D6F36DB4E15}
		{5C3EADED-0E05-4D00-BE01-F7F3FC2C61CD} = {C74710DB-976A-4865-9D25-7D6F36DB4E15}
		{13AB4185-A5DA-4952-85C2-FB7D31DFA566} = {C74710DB-976A-4865-9D25-7D6F36DB4E15}
		{5211A01A-6D53-40F0-8785-47ED0B5732B0} = {C74710DB-976A-4865-9D25-7D6F36DB4E15}
		{DEEC7AD4-3836-45A8-B4CF-C87D4E4AA913} = {5211A01A-6D53-40F0-8785-47ED0B5732B0}
		{1CA5EEFD-9A34-4E04-A55D-FA0CA5AB2A65} = {13AB4185-A5DA-4952-85C2-FB7D31DFA566}
		{95E6FDE7-C652-4F78-9091-824993C51DDE} = {5C3EADED-0E05-4D00-BE01-F7F3FC2C61CD}
		{97D9B94B-FB55-4400-AFDC-03FF46868882} = {5C3EADED-0E05-4D00-BE01-F7F3FC2C61CD}
		{185D6765-16A3-4C86-9FE4-7EB4D82BEA70} = {5C3EADED-0E05-4D00-BE01-F7F3FC2C61CD}
		{AF37BBFD-733C-427D-A345-1C8FAD89F71A} = {5C3EADED-0E05-4D00-BE01-F7F3FC2C61CD}
		{251246DE-5B6D-4D9D-9038-FE2691614201} = {67F45E8D-57E3-4CE5-B031-76B1290BC980}
	EndGlobalSection
EndGlobal
